
Microsoft Visual Studio Solution File, Format Version 12.00
# Visual Studio Version 17
VisualStudioVersion = 17.10.35013.160
MinimumVisualStudioVersion = 10.0.40219.1
Project("{2150E333-8FDC-42A3-9474-1A3956D46DE8}") = "Services", "Services", "{D3513F9C-31CD-4970-ADC8-78F7BFF98156}"
EndProject
Project("{2150E333-8FDC-42A3-9474-1A3956D46DE8}") = "Event", "Event", "{5E250FCC-656C-46D8-87F2-0ACC9B47BDF8}"
EndProject
Project("{9A19103F-16F7-4668-BE54-9A1E7A4F7556}") = "TravelWithMe.Event", "Services\Event\TravelWithMe.Event\TravelWithMe.Event.csproj", "{99839A5A-1F51-4BE5-A7A3-361949876D7E}"
EndProject
Project("{2150E333-8FDC-42A3-9474-1A3956D46DE8}") = "InviteCode", "InviteCode", "{F2CB2731-4839-4871-92B6-DF5425FC6009}"
EndProject
Project("{9A19103F-16F7-4668-BE54-9A1E7A4F7556}") = "TravelWithMe.InviteCode", "Services\InviteCode\TravelWithMe.InviteCode\TravelWithMe.InviteCode.csproj", "{F0D12C9A-324C-4C0A-A1EA-C7D56B219F33}"
EndProject
Project("{2150E333-8FDC-42A3-9474-1A3956D46DE8}") = "Travel", "Travel", "{4750C0BA-E013-4E8D-80A7-2F44CB30B800}"
EndProject
Project("{2150E333-8FDC-42A3-9474-1A3956D46DE8}") = "Core", "Core", "{8C2C525C-ED09-4BA1-A59F-59822B536971}"
EndProject
Project("{2150E333-8FDC-42A3-9474-1A3956D46DE8}") = "Infrastructure", "Infrastructure", "{B19A8266-0E77-49B7-B1DE-8545D2307314}"
EndProject
Project("{2150E333-8FDC-42A3-9474-1A3956D46DE8}") = "Presentation", "Presentation", "{0E220888-8B4C-4D39-B4E3-27BD4C5F8571}"
EndProject
Project("{FAE04EC0-301F-11D3-BF4B-00C04F79EFBC}") = "TravelWithMe.Travel.Application", "Services\Travel\Core\TravelWithMe.Travel.Application\TravelWithMe.Travel.Application.csproj", "{A05699F7-1C40-4C56-AF10-964C85F3A6C4}"
EndProject
Project("{FAE04EC0-301F-11D3-BF4B-00C04F79EFBC}") = "TravelWithMe.Travel.Domain", "Services\Travel\Core\TravelWithMe.Travel.Domain\TravelWithMe.Travel.Domain.csproj", "{A2401CBD-550B-4599-82C7-1AF89C01CDC3}"
EndProject
Project("{FAE04EC0-301F-11D3-BF4B-00C04F79EFBC}") = "TravelWithMe.Travel.Persistence", "Services\Travel\Infrastructure\Persistence\TravelWithMe.Travel.Persistence.csproj", "{2976832A-D578-4C57-9C9B-4DD33FCF1C4A}"
EndProject
Project("{FAE04EC0-301F-11D3-BF4B-00C04F79EFBC}") = "TravelWithMe.Travel.WebApi", "Services\Travel\Presentation\TravelWithMe.Travel.WebApi\TravelWithMe.Travel.WebApi.csproj", "{B298F8CB-6853-43EA-B502-4527201379F8}"
EndProject
Global
	GlobalSection(SolutionConfigurationPlatforms) = preSolution
		Debug|Any CPU = Debug|Any CPU
		Release|Any CPU = Release|Any CPU
	EndGlobalSection
	GlobalSection(ProjectConfigurationPlatforms) = postSolution
		{99839A5A-1F51-4BE5-A7A3-361949876D7E}.Debug|Any CPU.ActiveCfg = Debug|Any CPU
		{99839A5A-1F51-4BE5-A7A3-361949876D7E}.Debug|Any CPU.Build.0 = Debug|Any CPU
		{99839A5A-1F51-4BE5-A7A3-361949876D7E}.Release|Any CPU.ActiveCfg = Release|Any CPU
		{99839A5A-1F51-4BE5-A7A3-361949876D7E}.Release|Any CPU.Build.0 = Release|Any CPU
		{F0D12C9A-324C-4C0A-A1EA-C7D56B219F33}.Debug|Any CPU.ActiveCfg = Debug|Any CPU
		{F0D12C9A-324C-4C0A-A1EA-C7D56B219F33}.Debug|Any CPU.Build.0 = Debug|Any CPU
		{F0D12C9A-324C-4C0A-A1EA-C7D56B219F33}.Release|Any CPU.ActiveCfg = Release|Any CPU
		{F0D12C9A-324C-4C0A-A1EA-C7D56B219F33}.Release|Any CPU.Build.0 = Release|Any CPU
		{A05699F7-1C40-4C56-AF10-964C85F3A6C4}.Debug|Any CPU.ActiveCfg = Debug|Any CPU
		{A05699F7-1C40-4C56-AF10-964C85F3A6C4}.Debug|Any CPU.Build.0 = Debug|Any CPU
		{A05699F7-1C40-4C56-AF10-964C85F3A6C4}.Release|Any CPU.ActiveCfg = Release|Any CPU
		{A05699F7-1C40-4C56-AF10-964C85F3A6C4}.Release|Any CPU.Build.0 = Release|Any CPU
		{A2401CBD-550B-4599-82C7-1AF89C01CDC3}.Debug|Any CPU.ActiveCfg = Debug|Any CPU
		{A2401CBD-550B-4599-82C7-1AF89C01CDC3}.Debug|Any CPU.Build.0 = Debug|Any CPU
		{A2401CBD-550B-4599-82C7-1AF89C01CDC3}.Release|Any CPU.ActiveCfg = Release|Any CPU
		{A2401CBD-550B-4599-82C7-1AF89C01CDC3}.Release|Any CPU.Build.0 = Release|Any CPU
		{2976832A-D578-4C57-9C9B-4DD33FCF1C4A}.Debug|Any CPU.ActiveCfg = Debug|Any CPU
		{2976832A-D578-4C57-9C9B-4DD33FCF1C4A}.Debug|Any CPU.Build.0 = Debug|Any CPU
		{2976832A-D578-4C57-9C9B-4DD33FCF1C4A}.Release|Any CPU.ActiveCfg = Release|Any CPU
		{2976832A-D578-4C57-9C9B-4DD33FCF1C4A}.Release|Any CPU.Build.0 = Release|Any CPU
		{B298F8CB-6853-43EA-B502-4527201379F8}.Debug|Any CPU.ActiveCfg = Debug|Any CPU
		{B298F8CB-6853-43EA-B502-4527201379F8}.Debug|Any CPU.Build.0 = Debug|Any CPU
		{B298F8CB-6853-43EA-B502-4527201379F8}.Release|Any CPU.ActiveCfg = Release|Any CPU
		{B298F8CB-6853-43EA-B502-4527201379F8}.Release|Any CPU.Build.0 = Release|Any CPU
	EndGlobalSection
	GlobalSection(SolutionProperties) = preSolution
		HideSolutionNode = FALSE
	EndGlobalSection
	GlobalSection(NestedProjects) = preSolution
		{5E250FCC-656C-46D8-87F2-0ACC9B47BDF8} = {D3513F9C-31CD-4970-ADC8-78F7BFF98156}
		{99839A5A-1F51-4BE5-A7A3-361949876D7E} = {5E250FCC-656C-46D8-87F2-0ACC9B47BDF8}
		{F2CB2731-4839-4871-92B6-DF5425FC6009} = {D3513F9C-31CD-4970-ADC8-78F7BFF98156}
		{F0D12C9A-324C-4C0A-A1EA-C7D56B219F33} = {F2CB2731-4839-4871-92B6-DF5425FC6009}
		{4750C0BA-E013-4E8D-80A7-2F44CB30B800} = {D3513F9C-31CD-4970-ADC8-78F7BFF98156}
		{8C2C525C-ED09-4BA1-A59F-59822B536971} = {4750C0BA-E013-4E8D-80A7-2F44CB30B800}
		{B19A8266-0E77-49B7-B1DE-8545D2307314} = {4750C0BA-E013-4E8D-80A7-2F44CB30B800}
		{0E220888-8B4C-4D39-B4E3-27BD4C5F8571} = {4750C0BA-E013-4E8D-80A7-2F44CB30B800}
		{A05699F7-1C40-4C56-AF10-964C85F3A6C4} = {8C2C525C-ED09-4BA1-A59F-59822B536971}
		{A2401CBD-550B-4599-82C7-1AF89C01CDC3} = {8C2C525C-ED09-4BA1-A59F-59822B536971}
		{2976832A-D578-4C57-9C9B-4DD33FCF1C4A} = {B19A8266-0E77-49B7-B1DE-8545D2307314}
		{B298F8CB-6853-43EA-B502-4527201379F8} = {0E220888-8B4C-4D39-B4E3-27BD4C5F8571}
	EndGlobalSection
	GlobalSection(ExtensibilityGlobals) = postSolution
		SolutionGuid = {2E0A535B-0FBF-4512-8C26-1C4AD58E8619}
	EndGlobalSection
EndGlobal
